
Microsoft Visual Studio Solution File, Format Version 12.00
# Visual Studio Version 16
VisualStudioVersion = 16.0.30104.148
MinimumVisualStudioVersion = 10.0.40219.1
Project("{FAE04EC0-301F-11D3-BF4B-00C04F79EFBC}") = "feladat0407", "feladat0407\feladat0407.csproj", "{D9C01EFE-37E1-4DEC-9C40-C94535FCFF30}"
EndProject
Global
	GlobalSection(SolutionConfigurationPlatforms) = preSolution
		Debug|Any CPU = Debug|Any CPU
		Release|Any CPU = Release|Any CPU
	EndGlobalSection
	GlobalSection(ProjectConfigurationPlatforms) = postSolution
		{D9C01EFE-37E1-4DEC-9C40-C94535FCFF30}.Debug|Any CPU.ActiveCfg = Debug|Any CPU
		{D9C01EFE-37E1-4DEC-9C40-C94535FCFF30}.Debug|Any CPU.Build.0 = Debug|Any CPU
		{D9C01EFE-37E1-4DEC-9C40-C94535FCFF30}.Release|Any CPU.ActiveCfg = Release|Any CPU
		{D9C01EFE-37E1-4DEC-9C40-C94535FCFF30}.Release|Any CPU.Build.0 = Release|Any CPU
	EndGlobalSection
	GlobalSection(SolutionProperties) = preSolution
		HideSolutionNode = FALSE
	EndGlobalSection
	GlobalSection(ExtensibilityGlobals) = postSolution
		SolutionGuid = {B92B7D93-EF8B-4B7D-A32D-7C6672BB2F29}
	EndGlobalSection
EndGlobal
